
Microsoft Visual Studio Solution File, Format Version 12.00
# Visual Studio Version 17
VisualStudioVersion = 17.6.33829.357
MinimumVisualStudioVersion = 10.0.40219.1
Project("{FAE04EC0-301F-11D3-BF4B-00C04F79EFBC}") = "Practice1.Task1", "Practice1.Task1.csproj", "{633BAD23-8B6A-405F-97BF-13558C724C63}"
EndProject
Project("{2150E333-8FDC-42A3-9474-1A3956D46DE8}") = "Practics 1", "Practics 1", "{2DEFCB64-DDEE-4C72-AF9D-648070A4E519}"
EndProject
Project("{2150E333-8FDC-42A3-9474-1A3956D46DE8}") = "Practics 2", "Practics 2", "{7D1E1B6D-2FBF-4C79-BC7C-ADD54A10FFB4}"
EndProject
Project("{FAE04EC0-301F-11D3-BF4B-00C04F79EFBC}") = "Practice2.Task1", "..\Practice2.Task1\Practice2.Task1.csproj", "{11864DE7-7611-427A-8762-69D9A59252BE}"
EndProject
Project("{FAE04EC0-301F-11D3-BF4B-00C04F79EFBC}") = "Practice2.Task2", "..\Practice2.Task2\Practice2.Task2.csproj", "{AF1B0C41-C4F0-4B66-A159-D4F27AB18BD9}"
EndProject
Project("{FAE04EC0-301F-11D3-BF4B-00C04F79EFBC}") = "Practice2.Task3", "..\Practice2.Task3\Practice2.Task3.csproj", "{44C95CC6-F020-40E6-83B7-9B11C233F20D}"
EndProject
Project("{FAE04EC0-301F-11D3-BF4B-00C04F79EFBC}") = "Practice2.Task4", "..\Practice2.Task4\Practice2.Task4.csproj", "{B010AF2C-0B8A-4B06-95F6-BA31A46480C5}"
EndProject
Project("{FAE04EC0-301F-11D3-BF4B-00C04F79EFBC}") = "Practice2.Task5", "..\Practice2.Task5\Practice2.Task5.csproj", "{C9B9E920-F4F1-44AF-A39B-42EEA4320FC0}"
EndProject
Project("{FAE04EC0-301F-11D3-BF4B-00C04F79EFBC}") = "Practice2.Task6", "..\Practice2.Task6\Practice2.Task6.csproj", "{26FF35F3-948C-4161-8F62-4FC06D29C2C8}"
EndProject
Project("{FAE04EC0-301F-11D3-BF4B-00C04F79EFBC}") = "Practice1.Task2", "..\Practice1.Task2\Practice1.Task2.csproj", "{F1B3F045-2823-4818-A6F1-AE5A19FC6C15}"
EndProject
Project("{FAE04EC0-301F-11D3-BF4B-00C04F79EFBC}") = "Practice1.Task3", "..\Practice1.Task3\Practice1.Task3.csproj", "{A1F6F428-54F3-40D4-95E3-CDAA7EAB863A}"
EndProject
Project("{FAE04EC0-301F-11D3-BF4B-00C04F79EFBC}") = "Practice1.Task4", "..\Practice1.Task4\Practice1.Task4.csproj", "{2FA5644A-DF2C-44F5-B9EC-6B1C336E129C}"
EndProject
Project("{FAE04EC0-301F-11D3-BF4B-00C04F79EFBC}") = "Practice1.Task5", "..\Practice1.Task5\Practice1.Task5.csproj", "{01FD0B41-7140-4936-BBFD-ED4AB00C4F23}"
EndProject
Project("{FAE04EC0-301F-11D3-BF4B-00C04F79EFBC}") = "Practice1.Task6", "..\Practice1.Task6_a\Practice1.Task6.csproj", "{C47FC21B-5B77-498B-AA91-7C410C1D5E13}"
EndProject
Project("{FAE04EC0-301F-11D3-BF4B-00C04F79EFBC}") = "Practice2.Task7", "..\Practice2.Task7\Practice2.Task7.csproj", "{6416AD43-9D93-4F6D-84EB-00352B6DDF7C}"
EndProject
Project("{FAE04EC0-301F-11D3-BF4B-00C04F79EFBC}") = "Practice2.Task8", "..\Practice2.Task8\Practice2.Task8.csproj", "{A12BF9A5-06A2-45F2-8F68-A0F98002C6A7}"
EndProject
Project("{FAE04EC0-301F-11D3-BF4B-00C04F79EFBC}") = "Practice2.Task9", "..\Practice2.Task9\Practice2.Task9.csproj", "{5414C8F4-C82D-4168-86FA-DE5DE33D0103}"
EndProject
Project("{FAE04EC0-301F-11D3-BF4B-00C04F79EFBC}") = "Practice2.Task10", "..\Practice2.Task10\Practice2.Task10.csproj", "{449ED0DE-09FF-49B4-9848-8C607AB8CAD0}"
EndProject
Project("{FAE04EC0-301F-11D3-BF4B-00C04F79EFBC}") = "Practice2.Task11", "..\Practice2.Task11\Practice2.Task11.csproj", "{8B4E74C7-5DFA-46C6-80FB-0DBB9FFDCDEE}"
EndProject
Project("{FAE04EC0-301F-11D3-BF4B-00C04F79EFBC}") = "Practice2.Task12", "..\Practice2.Task12\Practice2.Task12.csproj", "{6028C628-458F-46AA-8620-60C6DD94B76A}"
EndProject
Project("{FAE04EC0-301F-11D3-BF4B-00C04F79EFBC}") = "Practice2.Task13", "..\Practice2.Task13\Practice2.Task13.csproj", "{DB51E3FE-E78B-4BBC-B7DB-53BD46981A8D}"
EndProject
Project("{FAE04EC0-301F-11D3-BF4B-00C04F79EFBC}") = "Practice2.Task14", "..\Practice2.Task14\Practice2.Task14.csproj", "{017DD25A-E9ED-4FAF-A455-AC87F2A5C1EF}"
EndProject
Project("{FAE04EC0-301F-11D3-BF4B-00C04F79EFBC}") = "Practice2.Task15", "..\Practice2.Task15\Practice2.Task15.csproj", "{1B0CEB4B-C44F-4694-8FD8-DA8F4AB63C58}"
EndProject
Project("{FAE04EC0-301F-11D3-BF4B-00C04F79EFBC}") = "Practice2.Task16", "..\Practice2.Task16\Practice2.Task16.csproj", "{A3DEE254-1BCD-4F3A-892B-88D7010D71A5}"
EndProject
Project("{FAE04EC0-301F-11D3-BF4B-00C04F79EFBC}") = "Practice2.Task17", "..\Practice2.Task17\Practice2.Task17.csproj", "{B842E12E-BCD7-41F1-8403-0744350133E4}"
EndProject
Project("{FAE04EC0-301F-11D3-BF4B-00C04F79EFBC}") = "Practice2.Task18", "..\Practice2.Task18\Practice2.Task18.csproj", "{BE9F0809-F32E-43C2-B551-C7CCBB7F483D}"
EndProject
Project("{FAE04EC0-301F-11D3-BF4B-00C04F79EFBC}") = "Practice2.Task19", "..\Practice2.Task19\Practice2.Task19.csproj", "{F4731922-AE72-4E50-B157-164DF2388D14}"
EndProject
Project("{FAE04EC0-301F-11D3-BF4B-00C04F79EFBC}") = "Practice2.Task20", "..\Practice2.Task20\Practice2.Task20.csproj", "{FCB2DBDD-D4B2-42FD-8DC8-6ECEE5227BAE}"
EndProject
Project("{FAE04EC0-301F-11D3-BF4B-00C04F79EFBC}") = "Practice2.Task21", "..\Practice2.Task21\Practice2.Task21.csproj", "{50E387B5-7B9A-4928-B981-917EC9FFD6DB}"
EndProject
Project("{FAE04EC0-301F-11D3-BF4B-00C04F79EFBC}") = "Practice2.Task22", "..\Practice2.Task22\Practice2.Task22.csproj", "{556E5ABF-1D18-4A36-9A72-811DC801D76D}"
EndProject
Project("{FAE04EC0-301F-11D3-BF4B-00C04F79EFBC}") = "Practice2.Task23", "..\Practice2.Task23\Practice2.Task23.csproj", "{55CBEA19-5021-41D8-B937-20333A882885}"
EndProject
Project("{FAE04EC0-301F-11D3-BF4B-00C04F79EFBC}") = "Practice2.Task24", "..\Practice2.Task24\Practice2.Task24.csproj", "{2FA6A90B-87D6-44C9-98ED-88D1879D46B1}"
EndProject
Project("{FAE04EC0-301F-11D3-BF4B-00C04F79EFBC}") = "Practice2.Task25", "..\Practice2.Task25\Practice2.Task25.csproj", "{3F242151-5E9E-485F-9ABC-C808533AC2BB}"
EndProject
Project("{FAE04EC0-301F-11D3-BF4B-00C04F79EFBC}") = "Practica3.Task1", "..\Practica3.Task1\Practica3.Task1.csproj", "{9D72E691-49F8-45C8-8D79-2CA6F1A8100E}"
EndProject
Project("{FAE04EC0-301F-11D3-BF4B-00C04F79EFBC}") = "Practica3.Task2", "..\Practica3.Task2\Practica3.Task2.csproj", "{7972428C-996A-440E-8626-3A5DE52AC9D1}"
EndProject
Project("{2150E333-8FDC-42A3-9474-1A3956D46DE8}") = "Practica 3", "Practica 3", "{ECE91243-DC20-44D2-AC5B-82757D41ACF2}"
EndProject
Project("{FAE04EC0-301F-11D3-BF4B-00C04F79EFBC}") = "Practica3.Task3", "..\Practica3.Task3\Practica3.Task3.csproj", "{604AA086-88ED-48B2-BB8B-66921415800B}"
EndProject
Project("{FAE04EC0-301F-11D3-BF4B-00C04F79EFBC}") = "Practica3.Task4", "..\Practica3.Task4\Practica3.Task4.csproj", "{0B31E5ED-CD09-426D-894A-40570D828F46}"
EndProject
Project("{FAE04EC0-301F-11D3-BF4B-00C04F79EFBC}") = "Practica3.Task5", "..\Practica3.Task5\Practica3.Task5.csproj", "{820A0D92-EE3C-4D55-81E0-FF228E5D2B00}"
EndProject
Project("{FAE04EC0-301F-11D3-BF4B-00C04F79EFBC}") = "Practica3.Task6", "..\Practica3.Task6\Practica3.Task6.csproj", "{6D0868D2-8CA8-4FE2-AA66-876829E5CDB1}"
EndProject
Project("{FAE04EC0-301F-11D3-BF4B-00C04F79EFBC}") = "Practica3.Task7", "..\Practica3.Task7\Practica3.Task7.csproj", "{8B0A7FFD-4C14-4787-B600-9E7025D0543C}"
EndProject
Project("{FAE04EC0-301F-11D3-BF4B-00C04F79EFBC}") = "Practica3.Task8", "..\Practica3.Task8\Practica3.Task8.csproj", "{F5D8D0FD-2F1E-4A3A-9194-E5526C5B0726}"
EndProject
Project("{FAE04EC0-301F-11D3-BF4B-00C04F79EFBC}") = "Practica3.Task9", "..\Practica3.Task9\Practica3.Task9.csproj", "{C17F55DC-5386-4B29-9038-A60A69560A99}"
EndProject
Project("{FAE04EC0-301F-11D3-BF4B-00C04F79EFBC}") = "Practica3.Task10", "..\Practica3.Task10\Practica3.Task10.csproj", "{8AA05CFB-D213-4F54-A0E9-FA3442C1EF81}"
EndProject
Project("{FAE04EC0-301F-11D3-BF4B-00C04F79EFBC}") = "Practica3.Task11", "..\Practica3.Task11\Practica3.Task11.csproj", "{3AA0CD6D-F277-4269-BCAD-A2756C0C6BFF}"
EndProject
Project("{2150E333-8FDC-42A3-9474-1A3956D46DE8}") = "Practics 3.2", "Practics 3.2", "{97729CEA-2BA6-4ECB-AE67-2BE392E691BF}"
EndProject
Project("{FAE04EC0-301F-11D3-BF4B-00C04F79EFBC}") = "Practics3.2.Task3", "..\Practics3.2.Task3\Practics3.2.Task3.csproj", "{48807BC9-3407-43C6-8B50-BC6172DA2A3D}"
EndProject
Project("{FAE04EC0-301F-11D3-BF4B-00C04F79EFBC}") = "Practics3.2.Task4", "..\Practics3.2.Task4\Practics3.2.Task4.csproj", "{EEABDE95-0530-481F-80AB-C3A54C056DF1}"
EndProject
Project("{FAE04EC0-301F-11D3-BF4B-00C04F79EFBC}") = "Practics.3.2.Task1", "..\Practics.3.2.Task1\Practics.3.2.Task1.csproj", "{B76DEF41-30B2-47C2-8588-D8F38D27D48B}"
EndProject
Project("{FAE04EC0-301F-11D3-BF4B-00C04F79EFBC}") = "Practics.3.2.Task2", "..\Practics.3.2.Task2\Practics.3.2.Task2.csproj", "{2A79A44A-BF63-4E91-955F-2E057AAA64B4}"
EndProject
Project("{2150E333-8FDC-42A3-9474-1A3956D46DE8}") = "Practics 5", "Practics 5", "{AD6F9724-33FF-4359-B838-EB64964B598F}"
EndProject
Project("{FAE04EC0-301F-11D3-BF4B-00C04F79EFBC}") = "Practics5.Task1", "..\Practics5.Task12\Practics5.Task1.csproj", "{FA31647F-2398-4D1C-A796-6D2EF55FF014}"
EndProject
Project("{FAE04EC0-301F-11D3-BF4B-00C04F79EFBC}") = "Practics5.Task2Lib", "..\Practics5.Task2Lib\Practics5.Task2Lib.csproj", "{4123202C-14AE-4B11-B2FC-2F9F13518C89}"
EndProject
Project("{FAE04EC0-301F-11D3-BF4B-00C04F79EFBC}") = "Practics5.Task3", "..\Practics5.Task3\Practics5.Task3.csproj", "{5BE3947C-2862-405D-BCE6-516E94D2F224}"
EndProject
Project("{FAE04EC0-301F-11D3-BF4B-00C04F79EFBC}") = "Practics6.Task1", "..\Practics6.Task1\Practics6.Task1.csproj", "{0B7E3047-DE72-4E21-9330-F327DCE61EFF}"
EndProject
Project("{2150E333-8FDC-42A3-9474-1A3956D46DE8}") = "Practics 6", "Practics 6", "{FA6D0C4F-062B-4323-9408-7901C931B021}"
EndProject
Project("{FAE04EC0-301F-11D3-BF4B-00C04F79EFBC}") = "Practics6.Task2", "..\Practics6.Task2\Practics6.Task2.csproj", "{7824852F-29C0-4418-A129-E1DFEB06F03E}"
EndProject
Project("{FAE04EC0-301F-11D3-BF4B-00C04F79EFBC}") = "Practics6.Task3", "..\Practics6.Task3\Practics6.Task3.csproj", "{83C82663-C2B3-4A56-A7DB-39CB98822DC0}"
EndProject
Project("{FAE04EC0-301F-11D3-BF4B-00C04F79EFBC}") = "Practics6.Task4", "..\Practics6.Task4\Practics6.Task4.csproj", "{01318B86-59F6-4FE6-B692-7E4CE5525D4B}"
EndProject
Global
	GlobalSection(SolutionConfigurationPlatforms) = preSolution
		Debug|Any CPU = Debug|Any CPU
		Release|Any CPU = Release|Any CPU
	EndGlobalSection
	GlobalSection(ProjectConfigurationPlatforms) = postSolution
		{633BAD23-8B6A-405F-97BF-13558C724C63}.Debug|Any CPU.ActiveCfg = Debug|Any CPU
		{633BAD23-8B6A-405F-97BF-13558C724C63}.Debug|Any CPU.Build.0 = Debug|Any CPU
		{633BAD23-8B6A-405F-97BF-13558C724C63}.Release|Any CPU.ActiveCfg = Release|Any CPU
		{633BAD23-8B6A-405F-97BF-13558C724C63}.Release|Any CPU.Build.0 = Release|Any CPU
		{11864DE7-7611-427A-8762-69D9A59252BE}.Debug|Any CPU.ActiveCfg = Debug|Any CPU
		{11864DE7-7611-427A-8762-69D9A59252BE}.Debug|Any CPU.Build.0 = Debug|Any CPU
		{11864DE7-7611-427A-8762-69D9A59252BE}.Release|Any CPU.ActiveCfg = Release|Any CPU
		{11864DE7-7611-427A-8762-69D9A59252BE}.Release|Any CPU.Build.0 = Release|Any CPU
		{AF1B0C41-C4F0-4B66-A159-D4F27AB18BD9}.Debug|Any CPU.ActiveCfg = Debug|Any CPU
		{AF1B0C41-C4F0-4B66-A159-D4F27AB18BD9}.Debug|Any CPU.Build.0 = Debug|Any CPU
		{AF1B0C41-C4F0-4B66-A159-D4F27AB18BD9}.Release|Any CPU.ActiveCfg = Release|Any CPU
		{AF1B0C41-C4F0-4B66-A159-D4F27AB18BD9}.Release|Any CPU.Build.0 = Release|Any CPU
		{44C95CC6-F020-40E6-83B7-9B11C233F20D}.Debug|Any CPU.ActiveCfg = Debug|Any CPU
		{44C95CC6-F020-40E6-83B7-9B11C233F20D}.Debug|Any CPU.Build.0 = Debug|Any CPU
		{44C95CC6-F020-40E6-83B7-9B11C233F20D}.Release|Any CPU.ActiveCfg = Release|Any CPU
		{44C95CC6-F020-40E6-83B7-9B11C233F20D}.Release|Any CPU.Build.0 = Release|Any CPU
		{B010AF2C-0B8A-4B06-95F6-BA31A46480C5}.Debug|Any CPU.ActiveCfg = Debug|Any CPU
		{B010AF2C-0B8A-4B06-95F6-BA31A46480C5}.Debug|Any CPU.Build.0 = Debug|Any CPU
		{B010AF2C-0B8A-4B06-95F6-BA31A46480C5}.Release|Any CPU.ActiveCfg = Release|Any CPU
		{B010AF2C-0B8A-4B06-95F6-BA31A46480C5}.Release|Any CPU.Build.0 = Release|Any CPU
		{C9B9E920-F4F1-44AF-A39B-42EEA4320FC0}.Debug|Any CPU.ActiveCfg = Debug|Any CPU
		{C9B9E920-F4F1-44AF-A39B-42EEA4320FC0}.Debug|Any CPU.Build.0 = Debug|Any CPU
		{C9B9E920-F4F1-44AF-A39B-42EEA4320FC0}.Release|Any CPU.ActiveCfg = Release|Any CPU
		{C9B9E920-F4F1-44AF-A39B-42EEA4320FC0}.Release|Any CPU.Build.0 = Release|Any CPU
		{26FF35F3-948C-4161-8F62-4FC06D29C2C8}.Debug|Any CPU.ActiveCfg = Debug|Any CPU
		{26FF35F3-948C-4161-8F62-4FC06D29C2C8}.Debug|Any CPU.Build.0 = Debug|Any CPU
		{26FF35F3-948C-4161-8F62-4FC06D29C2C8}.Release|Any CPU.ActiveCfg = Release|Any CPU
		{26FF35F3-948C-4161-8F62-4FC06D29C2C8}.Release|Any CPU.Build.0 = Release|Any CPU
		{F1B3F045-2823-4818-A6F1-AE5A19FC6C15}.Debug|Any CPU.ActiveCfg = Debug|Any CPU
		{F1B3F045-2823-4818-A6F1-AE5A19FC6C15}.Debug|Any CPU.Build.0 = Debug|Any CPU
		{F1B3F045-2823-4818-A6F1-AE5A19FC6C15}.Release|Any CPU.ActiveCfg = Release|Any CPU
		{F1B3F045-2823-4818-A6F1-AE5A19FC6C15}.Release|Any CPU.Build.0 = Release|Any CPU
		{A1F6F428-54F3-40D4-95E3-CDAA7EAB863A}.Debug|Any CPU.ActiveCfg = Debug|Any CPU
		{A1F6F428-54F3-40D4-95E3-CDAA7EAB863A}.Debug|Any CPU.Build.0 = Debug|Any CPU
		{A1F6F428-54F3-40D4-95E3-CDAA7EAB863A}.Release|Any CPU.ActiveCfg = Release|Any CPU
		{A1F6F428-54F3-40D4-95E3-CDAA7EAB863A}.Release|Any CPU.Build.0 = Release|Any CPU
		{2FA5644A-DF2C-44F5-B9EC-6B1C336E129C}.Debug|Any CPU.ActiveCfg = Debug|Any CPU
		{2FA5644A-DF2C-44F5-B9EC-6B1C336E129C}.Debug|Any CPU.Build.0 = Debug|Any CPU
		{2FA5644A-DF2C-44F5-B9EC-6B1C336E129C}.Release|Any CPU.ActiveCfg = Release|Any CPU
		{2FA5644A-DF2C-44F5-B9EC-6B1C336E129C}.Release|Any CPU.Build.0 = Release|Any CPU
		{01FD0B41-7140-4936-BBFD-ED4AB00C4F23}.Debug|Any CPU.ActiveCfg = Debug|Any CPU
		{01FD0B41-7140-4936-BBFD-ED4AB00C4F23}.Debug|Any CPU.Build.0 = Debug|Any CPU
		{01FD0B41-7140-4936-BBFD-ED4AB00C4F23}.Release|Any CPU.ActiveCfg = Release|Any CPU
		{01FD0B41-7140-4936-BBFD-ED4AB00C4F23}.Release|Any CPU.Build.0 = Release|Any CPU
		{C47FC21B-5B77-498B-AA91-7C410C1D5E13}.Debug|Any CPU.ActiveCfg = Debug|Any CPU
		{C47FC21B-5B77-498B-AA91-7C410C1D5E13}.Debug|Any CPU.Build.0 = Debug|Any CPU
		{C47FC21B-5B77-498B-AA91-7C410C1D5E13}.Release|Any CPU.ActiveCfg = Release|Any CPU
		{C47FC21B-5B77-498B-AA91-7C410C1D5E13}.Release|Any CPU.Build.0 = Release|Any CPU
		{6416AD43-9D93-4F6D-84EB-00352B6DDF7C}.Debug|Any CPU.ActiveCfg = Debug|Any CPU
		{6416AD43-9D93-4F6D-84EB-00352B6DDF7C}.Debug|Any CPU.Build.0 = Debug|Any CPU
		{6416AD43-9D93-4F6D-84EB-00352B6DDF7C}.Release|Any CPU.ActiveCfg = Release|Any CPU
		{6416AD43-9D93-4F6D-84EB-00352B6DDF7C}.Release|Any CPU.Build.0 = Release|Any CPU
		{A12BF9A5-06A2-45F2-8F68-A0F98002C6A7}.Debug|Any CPU.ActiveCfg = Debug|Any CPU
		{A12BF9A5-06A2-45F2-8F68-A0F98002C6A7}.Debug|Any CPU.Build.0 = Debug|Any CPU
		{A12BF9A5-06A2-45F2-8F68-A0F98002C6A7}.Release|Any CPU.ActiveCfg = Release|Any CPU
		{A12BF9A5-06A2-45F2-8F68-A0F98002C6A7}.Release|Any CPU.Build.0 = Release|Any CPU
		{5414C8F4-C82D-4168-86FA-DE5DE33D0103}.Debug|Any CPU.ActiveCfg = Debug|Any CPU
		{5414C8F4-C82D-4168-86FA-DE5DE33D0103}.Debug|Any CPU.Build.0 = Debug|Any CPU
		{5414C8F4-C82D-4168-86FA-DE5DE33D0103}.Release|Any CPU.ActiveCfg = Release|Any CPU
		{5414C8F4-C82D-4168-86FA-DE5DE33D0103}.Release|Any CPU.Build.0 = Release|Any CPU
		{449ED0DE-09FF-49B4-9848-8C607AB8CAD0}.Debug|Any CPU.ActiveCfg = Debug|Any CPU
		{449ED0DE-09FF-49B4-9848-8C607AB8CAD0}.Debug|Any CPU.Build.0 = Debug|Any CPU
		{449ED0DE-09FF-49B4-9848-8C607AB8CAD0}.Release|Any CPU.ActiveCfg = Release|Any CPU
		{449ED0DE-09FF-49B4-9848-8C607AB8CAD0}.Release|Any CPU.Build.0 = Release|Any CPU
		{8B4E74C7-5DFA-46C6-80FB-0DBB9FFDCDEE}.Debug|Any CPU.ActiveCfg = Debug|Any CPU
		{8B4E74C7-5DFA-46C6-80FB-0DBB9FFDCDEE}.Debug|Any CPU.Build.0 = Debug|Any CPU
		{8B4E74C7-5DFA-46C6-80FB-0DBB9FFDCDEE}.Release|Any CPU.ActiveCfg = Release|Any CPU
		{8B4E74C7-5DFA-46C6-80FB-0DBB9FFDCDEE}.Release|Any CPU.Build.0 = Release|Any CPU
		{6028C628-458F-46AA-8620-60C6DD94B76A}.Debug|Any CPU.ActiveCfg = Debug|Any CPU
		{6028C628-458F-46AA-8620-60C6DD94B76A}.Debug|Any CPU.Build.0 = Debug|Any CPU
		{6028C628-458F-46AA-8620-60C6DD94B76A}.Release|Any CPU.ActiveCfg = Release|Any CPU
		{6028C628-458F-46AA-8620-60C6DD94B76A}.Release|Any CPU.Build.0 = Release|Any CPU
		{DB51E3FE-E78B-4BBC-B7DB-53BD46981A8D}.Debug|Any CPU.ActiveCfg = Debug|Any CPU
		{DB51E3FE-E78B-4BBC-B7DB-53BD46981A8D}.Debug|Any CPU.Build.0 = Debug|Any CPU
		{DB51E3FE-E78B-4BBC-B7DB-53BD46981A8D}.Release|Any CPU.ActiveCfg = Release|Any CPU
		{DB51E3FE-E78B-4BBC-B7DB-53BD46981A8D}.Release|Any CPU.Build.0 = Release|Any CPU
		{017DD25A-E9ED-4FAF-A455-AC87F2A5C1EF}.Debug|Any CPU.ActiveCfg = Debug|Any CPU
		{017DD25A-E9ED-4FAF-A455-AC87F2A5C1EF}.Debug|Any CPU.Build.0 = Debug|Any CPU
		{017DD25A-E9ED-4FAF-A455-AC87F2A5C1EF}.Release|Any CPU.ActiveCfg = Release|Any CPU
		{017DD25A-E9ED-4FAF-A455-AC87F2A5C1EF}.Release|Any CPU.Build.0 = Release|Any CPU
		{1B0CEB4B-C44F-4694-8FD8-DA8F4AB63C58}.Debug|Any CPU.ActiveCfg = Debug|Any CPU
		{1B0CEB4B-C44F-4694-8FD8-DA8F4AB63C58}.Debug|Any CPU.Build.0 = Debug|Any CPU
		{1B0CEB4B-C44F-4694-8FD8-DA8F4AB63C58}.Release|Any CPU.ActiveCfg = Release|Any CPU
		{1B0CEB4B-C44F-4694-8FD8-DA8F4AB63C58}.Release|Any CPU.Build.0 = Release|Any CPU
		{A3DEE254-1BCD-4F3A-892B-88D7010D71A5}.Debug|Any CPU.ActiveCfg = Debug|Any CPU
		{A3DEE254-1BCD-4F3A-892B-88D7010D71A5}.Debug|Any CPU.Build.0 = Debug|Any CPU
		{A3DEE254-1BCD-4F3A-892B-88D7010D71A5}.Release|Any CPU.ActiveCfg = Release|Any CPU
		{A3DEE254-1BCD-4F3A-892B-88D7010D71A5}.Release|Any CPU.Build.0 = Release|Any CPU
		{B842E12E-BCD7-41F1-8403-0744350133E4}.Debug|Any CPU.ActiveCfg = Debug|Any CPU
		{B842E12E-BCD7-41F1-8403-0744350133E4}.Debug|Any CPU.Build.0 = Debug|Any CPU
		{B842E12E-BCD7-41F1-8403-0744350133E4}.Release|Any CPU.ActiveCfg = Release|Any CPU
		{B842E12E-BCD7-41F1-8403-0744350133E4}.Release|Any CPU.Build.0 = Release|Any CPU
		{BE9F0809-F32E-43C2-B551-C7CCBB7F483D}.Debug|Any CPU.ActiveCfg = Debug|Any CPU
		{BE9F0809-F32E-43C2-B551-C7CCBB7F483D}.Debug|Any CPU.Build.0 = Debug|Any CPU
		{BE9F0809-F32E-43C2-B551-C7CCBB7F483D}.Release|Any CPU.ActiveCfg = Release|Any CPU
		{BE9F0809-F32E-43C2-B551-C7CCBB7F483D}.Release|Any CPU.Build.0 = Release|Any CPU
		{F4731922-AE72-4E50-B157-164DF2388D14}.Debug|Any CPU.ActiveCfg = Debug|Any CPU
		{F4731922-AE72-4E50-B157-164DF2388D14}.Debug|Any CPU.Build.0 = Debug|Any CPU
		{F4731922-AE72-4E50-B157-164DF2388D14}.Release|Any CPU.ActiveCfg = Release|Any CPU
		{F4731922-AE72-4E50-B157-164DF2388D14}.Release|Any CPU.Build.0 = Release|Any CPU
		{FCB2DBDD-D4B2-42FD-8DC8-6ECEE5227BAE}.Debug|Any CPU.ActiveCfg = Debug|Any CPU
		{FCB2DBDD-D4B2-42FD-8DC8-6ECEE5227BAE}.Debug|Any CPU.Build.0 = Debug|Any CPU
		{FCB2DBDD-D4B2-42FD-8DC8-6ECEE5227BAE}.Release|Any CPU.ActiveCfg = Release|Any CPU
		{FCB2DBDD-D4B2-42FD-8DC8-6ECEE5227BAE}.Release|Any CPU.Build.0 = Release|Any CPU
		{50E387B5-7B9A-4928-B981-917EC9FFD6DB}.Debug|Any CPU.ActiveCfg = Debug|Any CPU
		{50E387B5-7B9A-4928-B981-917EC9FFD6DB}.Debug|Any CPU.Build.0 = Debug|Any CPU
		{50E387B5-7B9A-4928-B981-917EC9FFD6DB}.Release|Any CPU.ActiveCfg = Release|Any CPU
		{50E387B5-7B9A-4928-B981-917EC9FFD6DB}.Release|Any CPU.Build.0 = Release|Any CPU
		{556E5ABF-1D18-4A36-9A72-811DC801D76D}.Debug|Any CPU.ActiveCfg = Debug|Any CPU
		{556E5ABF-1D18-4A36-9A72-811DC801D76D}.Debug|Any CPU.Build.0 = Debug|Any CPU
		{556E5ABF-1D18-4A36-9A72-811DC801D76D}.Release|Any CPU.ActiveCfg = Release|Any CPU
		{556E5ABF-1D18-4A36-9A72-811DC801D76D}.Release|Any CPU.Build.0 = Release|Any CPU
		{55CBEA19-5021-41D8-B937-20333A882885}.Debug|Any CPU.ActiveCfg = Debug|Any CPU
		{55CBEA19-5021-41D8-B937-20333A882885}.Debug|Any CPU.Build.0 = Debug|Any CPU
		{55CBEA19-5021-41D8-B937-20333A882885}.Release|Any CPU.ActiveCfg = Release|Any CPU
		{55CBEA19-5021-41D8-B937-20333A882885}.Release|Any CPU.Build.0 = Release|Any CPU
		{2FA6A90B-87D6-44C9-98ED-88D1879D46B1}.Debug|Any CPU.ActiveCfg = Debug|Any CPU
		{2FA6A90B-87D6-44C9-98ED-88D1879D46B1}.Debug|Any CPU.Build.0 = Debug|Any CPU
		{2FA6A90B-87D6-44C9-98ED-88D1879D46B1}.Release|Any CPU.ActiveCfg = Release|Any CPU
		{2FA6A90B-87D6-44C9-98ED-88D1879D46B1}.Release|Any CPU.Build.0 = Release|Any CPU
		{3F242151-5E9E-485F-9ABC-C808533AC2BB}.Debug|Any CPU.ActiveCfg = Debug|Any CPU
		{3F242151-5E9E-485F-9ABC-C808533AC2BB}.Debug|Any CPU.Build.0 = Debug|Any CPU
		{3F242151-5E9E-485F-9ABC-C808533AC2BB}.Release|Any CPU.ActiveCfg = Release|Any CPU
		{3F242151-5E9E-485F-9ABC-C808533AC2BB}.Release|Any CPU.Build.0 = Release|Any CPU
		{9D72E691-49F8-45C8-8D79-2CA6F1A8100E}.Debug|Any CPU.ActiveCfg = Debug|Any CPU
		{9D72E691-49F8-45C8-8D79-2CA6F1A8100E}.Debug|Any CPU.Build.0 = Debug|Any CPU
		{9D72E691-49F8-45C8-8D79-2CA6F1A8100E}.Release|Any CPU.ActiveCfg = Release|Any CPU
		{9D72E691-49F8-45C8-8D79-2CA6F1A8100E}.Release|Any CPU.Build.0 = Release|Any CPU
		{7972428C-996A-440E-8626-3A5DE52AC9D1}.Debug|Any CPU.ActiveCfg = Debug|Any CPU
		{7972428C-996A-440E-8626-3A5DE52AC9D1}.Debug|Any CPU.Build.0 = Debug|Any CPU
		{7972428C-996A-440E-8626-3A5DE52AC9D1}.Release|Any CPU.ActiveCfg = Release|Any CPU
		{7972428C-996A-440E-8626-3A5DE52AC9D1}.Release|Any CPU.Build.0 = Release|Any CPU
		{604AA086-88ED-48B2-BB8B-66921415800B}.Debug|Any CPU.ActiveCfg = Debug|Any CPU
		{604AA086-88ED-48B2-BB8B-66921415800B}.Debug|Any CPU.Build.0 = Debug|Any CPU
		{604AA086-88ED-48B2-BB8B-66921415800B}.Release|Any CPU.ActiveCfg = Release|Any CPU
		{604AA086-88ED-48B2-BB8B-66921415800B}.Release|Any CPU.Build.0 = Release|Any CPU
		{0B31E5ED-CD09-426D-894A-40570D828F46}.Debug|Any CPU.ActiveCfg = Debug|Any CPU
		{0B31E5ED-CD09-426D-894A-40570D828F46}.Debug|Any CPU.Build.0 = Debug|Any CPU
		{0B31E5ED-CD09-426D-894A-40570D828F46}.Release|Any CPU.ActiveCfg = Release|Any CPU
		{0B31E5ED-CD09-426D-894A-40570D828F46}.Release|Any CPU.Build.0 = Release|Any CPU
		{820A0D92-EE3C-4D55-81E0-FF228E5D2B00}.Debug|Any CPU.ActiveCfg = Debug|Any CPU
		{820A0D92-EE3C-4D55-81E0-FF228E5D2B00}.Debug|Any CPU.Build.0 = Debug|Any CPU
		{820A0D92-EE3C-4D55-81E0-FF228E5D2B00}.Release|Any CPU.ActiveCfg = Release|Any CPU
		{820A0D92-EE3C-4D55-81E0-FF228E5D2B00}.Release|Any CPU.Build.0 = Release|Any CPU
		{6D0868D2-8CA8-4FE2-AA66-876829E5CDB1}.Debug|Any CPU.ActiveCfg = Debug|Any CPU
		{6D0868D2-8CA8-4FE2-AA66-876829E5CDB1}.Debug|Any CPU.Build.0 = Debug|Any CPU
		{6D0868D2-8CA8-4FE2-AA66-876829E5CDB1}.Release|Any CPU.ActiveCfg = Release|Any CPU
		{6D0868D2-8CA8-4FE2-AA66-876829E5CDB1}.Release|Any CPU.Build.0 = Release|Any CPU
		{8B0A7FFD-4C14-4787-B600-9E7025D0543C}.Debug|Any CPU.ActiveCfg = Debug|Any CPU
		{8B0A7FFD-4C14-4787-B600-9E7025D0543C}.Debug|Any CPU.Build.0 = Debug|Any CPU
		{8B0A7FFD-4C14-4787-B600-9E7025D0543C}.Release|Any CPU.ActiveCfg = Release|Any CPU
		{8B0A7FFD-4C14-4787-B600-9E7025D0543C}.Release|Any CPU.Build.0 = Release|Any CPU
		{F5D8D0FD-2F1E-4A3A-9194-E5526C5B0726}.Debug|Any CPU.ActiveCfg = Debug|Any CPU
		{F5D8D0FD-2F1E-4A3A-9194-E5526C5B0726}.Debug|Any CPU.Build.0 = Debug|Any CPU
		{F5D8D0FD-2F1E-4A3A-9194-E5526C5B0726}.Release|Any CPU.ActiveCfg = Release|Any CPU
		{F5D8D0FD-2F1E-4A3A-9194-E5526C5B0726}.Release|Any CPU.Build.0 = Release|Any CPU
		{C17F55DC-5386-4B29-9038-A60A69560A99}.Debug|Any CPU.ActiveCfg = Debug|Any CPU
		{C17F55DC-5386-4B29-9038-A60A69560A99}.Debug|Any CPU.Build.0 = Debug|Any CPU
		{C17F55DC-5386-4B29-9038-A60A69560A99}.Release|Any CPU.ActiveCfg = Release|Any CPU
		{C17F55DC-5386-4B29-9038-A60A69560A99}.Release|Any CPU.Build.0 = Release|Any CPU
		{8AA05CFB-D213-4F54-A0E9-FA3442C1EF81}.Debug|Any CPU.ActiveCfg = Debug|Any CPU
		{8AA05CFB-D213-4F54-A0E9-FA3442C1EF81}.Debug|Any CPU.Build.0 = Debug|Any CPU
		{8AA05CFB-D213-4F54-A0E9-FA3442C1EF81}.Release|Any CPU.ActiveCfg = Release|Any CPU
		{8AA05CFB-D213-4F54-A0E9-FA3442C1EF81}.Release|Any CPU.Build.0 = Release|Any CPU
		{3AA0CD6D-F277-4269-BCAD-A2756C0C6BFF}.Debug|Any CPU.ActiveCfg = Debug|Any CPU
		{3AA0CD6D-F277-4269-BCAD-A2756C0C6BFF}.Debug|Any CPU.Build.0 = Debug|Any CPU
		{3AA0CD6D-F277-4269-BCAD-A2756C0C6BFF}.Release|Any CPU.ActiveCfg = Release|Any CPU
		{3AA0CD6D-F277-4269-BCAD-A2756C0C6BFF}.Release|Any CPU.Build.0 = Release|Any CPU
		{48807BC9-3407-43C6-8B50-BC6172DA2A3D}.Debug|Any CPU.ActiveCfg = Debug|Any CPU
		{48807BC9-3407-43C6-8B50-BC6172DA2A3D}.Debug|Any CPU.Build.0 = Debug|Any CPU
		{48807BC9-3407-43C6-8B50-BC6172DA2A3D}.Release|Any CPU.ActiveCfg = Release|Any CPU
		{48807BC9-3407-43C6-8B50-BC6172DA2A3D}.Release|Any CPU.Build.0 = Release|Any CPU
		{EEABDE95-0530-481F-80AB-C3A54C056DF1}.Debug|Any CPU.ActiveCfg = Debug|Any CPU
		{EEABDE95-0530-481F-80AB-C3A54C056DF1}.Debug|Any CPU.Build.0 = Debug|Any CPU
		{EEABDE95-0530-481F-80AB-C3A54C056DF1}.Release|Any CPU.ActiveCfg = Release|Any CPU
		{EEABDE95-0530-481F-80AB-C3A54C056DF1}.Release|Any CPU.Build.0 = Release|Any CPU
		{B76DEF41-30B2-47C2-8588-D8F38D27D48B}.Debug|Any CPU.ActiveCfg = Debug|Any CPU
		{B76DEF41-30B2-47C2-8588-D8F38D27D48B}.Debug|Any CPU.Build.0 = Debug|Any CPU
		{B76DEF41-30B2-47C2-8588-D8F38D27D48B}.Release|Any CPU.ActiveCfg = Release|Any CPU
		{B76DEF41-30B2-47C2-8588-D8F38D27D48B}.Release|Any CPU.Build.0 = Release|Any CPU
		{2A79A44A-BF63-4E91-955F-2E057AAA64B4}.Debug|Any CPU.ActiveCfg = Debug|Any CPU
		{2A79A44A-BF63-4E91-955F-2E057AAA64B4}.Debug|Any CPU.Build.0 = Debug|Any CPU
		{2A79A44A-BF63-4E91-955F-2E057AAA64B4}.Release|Any CPU.ActiveCfg = Release|Any CPU
		{2A79A44A-BF63-4E91-955F-2E057AAA64B4}.Release|Any CPU.Build.0 = Release|Any CPU
		{FA31647F-2398-4D1C-A796-6D2EF55FF014}.Debug|Any CPU.ActiveCfg = Debug|Any CPU
		{FA31647F-2398-4D1C-A796-6D2EF55FF014}.Debug|Any CPU.Build.0 = Debug|Any CPU
		{FA31647F-2398-4D1C-A796-6D2EF55FF014}.Release|Any CPU.ActiveCfg = Release|Any CPU
		{FA31647F-2398-4D1C-A796-6D2EF55FF014}.Release|Any CPU.Build.0 = Release|Any CPU
		{4123202C-14AE-4B11-B2FC-2F9F13518C89}.Debug|Any CPU.ActiveCfg = Debug|Any CPU
		{4123202C-14AE-4B11-B2FC-2F9F13518C89}.Debug|Any CPU.Build.0 = Debug|Any CPU
		{4123202C-14AE-4B11-B2FC-2F9F13518C89}.Release|Any CPU.ActiveCfg = Release|Any CPU
		{4123202C-14AE-4B11-B2FC-2F9F13518C89}.Release|Any CPU.Build.0 = Release|Any CPU
		{5BE3947C-2862-405D-BCE6-516E94D2F224}.Debug|Any CPU.ActiveCfg = Debug|Any CPU
		{5BE3947C-2862-405D-BCE6-516E94D2F224}.Debug|Any CPU.Build.0 = Debug|Any CPU
		{5BE3947C-2862-405D-BCE6-516E94D2F224}.Release|Any CPU.ActiveCfg = Release|Any CPU
		{5BE3947C-2862-405D-BCE6-516E94D2F224}.Release|Any CPU.Build.0 = Release|Any CPU
		{0B7E3047-DE72-4E21-9330-F327DCE61EFF}.Debug|Any CPU.ActiveCfg = Debug|Any CPU
		{0B7E3047-DE72-4E21-9330-F327DCE61EFF}.Debug|Any CPU.Build.0 = Debug|Any CPU
		{0B7E3047-DE72-4E21-9330-F327DCE61EFF}.Release|Any CPU.ActiveCfg = Release|Any CPU
		{0B7E3047-DE72-4E21-9330-F327DCE61EFF}.Release|Any CPU.Build.0 = Release|Any CPU
		{7824852F-29C0-4418-A129-E1DFEB06F03E}.Debug|Any CPU.ActiveCfg = Debug|Any CPU
		{7824852F-29C0-4418-A129-E1DFEB06F03E}.Debug|Any CPU.Build.0 = Debug|Any CPU
		{7824852F-29C0-4418-A129-E1DFEB06F03E}.Release|Any CPU.ActiveCfg = Release|Any CPU
		{7824852F-29C0-4418-A129-E1DFEB06F03E}.Release|Any CPU.Build.0 = Release|Any CPU
		{83C82663-C2B3-4A56-A7DB-39CB98822DC0}.Debug|Any CPU.ActiveCfg = Debug|Any CPU
		{83C82663-C2B3-4A56-A7DB-39CB98822DC0}.Debug|Any CPU.Build.0 = Debug|Any CPU
		{83C82663-C2B3-4A56-A7DB-39CB98822DC0}.Release|Any CPU.ActiveCfg = Release|Any CPU
		{83C82663-C2B3-4A56-A7DB-39CB98822DC0}.Release|Any CPU.Build.0 = Release|Any CPU
		{01318B86-59F6-4FE6-B692-7E4CE5525D4B}.Debug|Any CPU.ActiveCfg = Debug|Any CPU
		{01318B86-59F6-4FE6-B692-7E4CE5525D4B}.Debug|Any CPU.Build.0 = Debug|Any CPU
		{01318B86-59F6-4FE6-B692-7E4CE5525D4B}.Release|Any CPU.ActiveCfg = Release|Any CPU
		{01318B86-59F6-4FE6-B692-7E4CE5525D4B}.Release|Any CPU.Build.0 = Release|Any CPU
	EndGlobalSection
	GlobalSection(SolutionProperties) = preSolution
		HideSolutionNode = FALSE
	EndGlobalSection
	GlobalSection(NestedProjects) = preSolution
		{633BAD23-8B6A-405F-97BF-13558C724C63} = {2DEFCB64-DDEE-4C72-AF9D-648070A4E519}
		{11864DE7-7611-427A-8762-69D9A59252BE} = {7D1E1B6D-2FBF-4C79-BC7C-ADD54A10FFB4}
		{AF1B0C41-C4F0-4B66-A159-D4F27AB18BD9} = {7D1E1B6D-2FBF-4C79-BC7C-ADD54A10FFB4}
		{44C95CC6-F020-40E6-83B7-9B11C233F20D} = {7D1E1B6D-2FBF-4C79-BC7C-ADD54A10FFB4}
		{B010AF2C-0B8A-4B06-95F6-BA31A46480C5} = {7D1E1B6D-2FBF-4C79-BC7C-ADD54A10FFB4}
		{C9B9E920-F4F1-44AF-A39B-42EEA4320FC0} = {7D1E1B6D-2FBF-4C79-BC7C-ADD54A10FFB4}
		{26FF35F3-948C-4161-8F62-4FC06D29C2C8} = {7D1E1B6D-2FBF-4C79-BC7C-ADD54A10FFB4}
		{F1B3F045-2823-4818-A6F1-AE5A19FC6C15} = {2DEFCB64-DDEE-4C72-AF9D-648070A4E519}
		{A1F6F428-54F3-40D4-95E3-CDAA7EAB863A} = {2DEFCB64-DDEE-4C72-AF9D-648070A4E519}
		{2FA5644A-DF2C-44F5-B9EC-6B1C336E129C} = {2DEFCB64-DDEE-4C72-AF9D-648070A4E519}
		{01FD0B41-7140-4936-BBFD-ED4AB00C4F23} = {2DEFCB64-DDEE-4C72-AF9D-648070A4E519}
		{C47FC21B-5B77-498B-AA91-7C410C1D5E13} = {2DEFCB64-DDEE-4C72-AF9D-648070A4E519}
		{6416AD43-9D93-4F6D-84EB-00352B6DDF7C} = {7D1E1B6D-2FBF-4C79-BC7C-ADD54A10FFB4}
		{A12BF9A5-06A2-45F2-8F68-A0F98002C6A7} = {7D1E1B6D-2FBF-4C79-BC7C-ADD54A10FFB4}
		{5414C8F4-C82D-4168-86FA-DE5DE33D0103} = {7D1E1B6D-2FBF-4C79-BC7C-ADD54A10FFB4}
		{449ED0DE-09FF-49B4-9848-8C607AB8CAD0} = {7D1E1B6D-2FBF-4C79-BC7C-ADD54A10FFB4}
		{8B4E74C7-5DFA-46C6-80FB-0DBB9FFDCDEE} = {7D1E1B6D-2FBF-4C79-BC7C-ADD54A10FFB4}
		{6028C628-458F-46AA-8620-60C6DD94B76A} = {7D1E1B6D-2FBF-4C79-BC7C-ADD54A10FFB4}
		{DB51E3FE-E78B-4BBC-B7DB-53BD46981A8D} = {7D1E1B6D-2FBF-4C79-BC7C-ADD54A10FFB4}
		{017DD25A-E9ED-4FAF-A455-AC87F2A5C1EF} = {7D1E1B6D-2FBF-4C79-BC7C-ADD54A10FFB4}
		{1B0CEB4B-C44F-4694-8FD8-DA8F4AB63C58} = {7D1E1B6D-2FBF-4C79-BC7C-ADD54A10FFB4}
		{A3DEE254-1BCD-4F3A-892B-88D7010D71A5} = {7D1E1B6D-2FBF-4C79-BC7C-ADD54A10FFB4}
		{B842E12E-BCD7-41F1-8403-0744350133E4} = {7D1E1B6D-2FBF-4C79-BC7C-ADD54A10FFB4}
		{BE9F0809-F32E-43C2-B551-C7CCBB7F483D} = {7D1E1B6D-2FBF-4C79-BC7C-ADD54A10FFB4}
		{F4731922-AE72-4E50-B157-164DF2388D14} = {7D1E1B6D-2FBF-4C79-BC7C-ADD54A10FFB4}
		{FCB2DBDD-D4B2-42FD-8DC8-6ECEE5227BAE} = {7D1E1B6D-2FBF-4C79-BC7C-ADD54A10FFB4}
		{50E387B5-7B9A-4928-B981-917EC9FFD6DB} = {7D1E1B6D-2FBF-4C79-BC7C-ADD54A10FFB4}
		{556E5ABF-1D18-4A36-9A72-811DC801D76D} = {7D1E1B6D-2FBF-4C79-BC7C-ADD54A10FFB4}
		{55CBEA19-5021-41D8-B937-20333A882885} = {7D1E1B6D-2FBF-4C79-BC7C-ADD54A10FFB4}
		{2FA6A90B-87D6-44C9-98ED-88D1879D46B1} = {7D1E1B6D-2FBF-4C79-BC7C-ADD54A10FFB4}
		{3F242151-5E9E-485F-9ABC-C808533AC2BB} = {7D1E1B6D-2FBF-4C79-BC7C-ADD54A10FFB4}
		{9D72E691-49F8-45C8-8D79-2CA6F1A8100E} = {ECE91243-DC20-44D2-AC5B-82757D41ACF2}
		{7972428C-996A-440E-8626-3A5DE52AC9D1} = {ECE91243-DC20-44D2-AC5B-82757D41ACF2}
		{604AA086-88ED-48B2-BB8B-66921415800B} = {ECE91243-DC20-44D2-AC5B-82757D41ACF2}
		{0B31E5ED-CD09-426D-894A-40570D828F46} = {ECE91243-DC20-44D2-AC5B-82757D41ACF2}
		{820A0D92-EE3C-4D55-81E0-FF228E5D2B00} = {ECE91243-DC20-44D2-AC5B-82757D41ACF2}
		{6D0868D2-8CA8-4FE2-AA66-876829E5CDB1} = {ECE91243-DC20-44D2-AC5B-82757D41ACF2}
		{8B0A7FFD-4C14-4787-B600-9E7025D0543C} = {ECE91243-DC20-44D2-AC5B-82757D41ACF2}
		{F5D8D0FD-2F1E-4A3A-9194-E5526C5B0726} = {ECE91243-DC20-44D2-AC5B-82757D41ACF2}
		{C17F55DC-5386-4B29-9038-A60A69560A99} = {ECE91243-DC20-44D2-AC5B-82757D41ACF2}
		{8AA05CFB-D213-4F54-A0E9-FA3442C1EF81} = {ECE91243-DC20-44D2-AC5B-82757D41ACF2}
		{3AA0CD6D-F277-4269-BCAD-A2756C0C6BFF} = {ECE91243-DC20-44D2-AC5B-82757D41ACF2}
		{48807BC9-3407-43C6-8B50-BC6172DA2A3D} = {97729CEA-2BA6-4ECB-AE67-2BE392E691BF}
		{EEABDE95-0530-481F-80AB-C3A54C056DF1} = {97729CEA-2BA6-4ECB-AE67-2BE392E691BF}
		{B76DEF41-30B2-47C2-8588-D8F38D27D48B} = {97729CEA-2BA6-4ECB-AE67-2BE392E691BF}
		{2A79A44A-BF63-4E91-955F-2E057AAA64B4} = {97729CEA-2BA6-4ECB-AE67-2BE392E691BF}
		{FA31647F-2398-4D1C-A796-6D2EF55FF014} = {AD6F9724-33FF-4359-B838-EB64964B598F}
		{4123202C-14AE-4B11-B2FC-2F9F13518C89} = {AD6F9724-33FF-4359-B838-EB64964B598F}
		{5BE3947C-2862-405D-BCE6-516E94D2F224} = {AD6F9724-33FF-4359-B838-EB64964B598F}
		{0B7E3047-DE72-4E21-9330-F327DCE61EFF} = {FA6D0C4F-062B-4323-9408-7901C931B021}
		{7824852F-29C0-4418-A129-E1DFEB06F03E} = {FA6D0C4F-062B-4323-9408-7901C931B021}
		{83C82663-C2B3-4A56-A7DB-39CB98822DC0} = {FA6D0C4F-062B-4323-9408-7901C931B021}
		{01318B86-59F6-4FE6-B692-7E4CE5525D4B} = {FA6D0C4F-062B-4323-9408-7901C931B021}
	EndGlobalSection
	GlobalSection(ExtensibilityGlobals) = postSolution
		SolutionGuid = {EF2F8CBB-6DFF-41B1-B3CC-99C9C41D491E}
	EndGlobalSection
EndGlobal
