
Microsoft Visual Studio Solution File, Format Version 12.00
# Visual Studio Version 17
VisualStudioVersion = 17.6.33829.357
MinimumVisualStudioVersion = 10.0.40219.1
Project("{FAE04EC0-301F-11D3-BF4B-00C04F79EFBC}") = "Practice1.Task1", "Practice1.Task1.csproj", "{633BAD23-8B6A-405F-97BF-13558C724C63}"
EndProject
Project("{2150E333-8FDC-42A3-9474-1A3956D46DE8}") = "Practics 1", "Practics 1", "{2DEFCB64-DDEE-4C72-AF9D-648070A4E519}"
EndProject
Project("{2150E333-8FDC-42A3-9474-1A3956D46DE8}") = "Practics 2", "Practics 2", "{7D1E1B6D-2FBF-4C79-BC7C-ADD54A10FFB4}"
EndProject
Project("{FAE04EC0-301F-11D3-BF4B-00C04F79EFBC}") = "Practice2.Task1", "..\Practice2.Task1\Practice2.Task1.csproj", "{11864DE7-7611-427A-8762-69D9A59252BE}"
EndProject
Project("{FAE04EC0-301F-11D3-BF4B-00C04F79EFBC}") = "Practice2.Task2", "..\Practice2.Task2\Practice2.Task2.csproj", "{AF1B0C41-C4F0-4B66-A159-D4F27AB18BD9}"
EndProject
Project("{FAE04EC0-301F-11D3-BF4B-00C04F79EFBC}") = "Practice2.Task3", "..\Practice2.Task3\Practice2.Task3.csproj", "{44C95CC6-F020-40E6-83B7-9B11C233F20D}"
EndProject
Project("{FAE04EC0-301F-11D3-BF4B-00C04F79EFBC}") = "Practice2.Task4", "..\Practice2.Task4\Practice2.Task4.csproj", "{B010AF2C-0B8A-4B06-95F6-BA31A46480C5}"
EndProject
Project("{FAE04EC0-301F-11D3-BF4B-00C04F79EFBC}") = "Practice2.Task5", "..\Practice2.Task5\Practice2.Task5.csproj", "{C9B9E920-F4F1-44AF-A39B-42EEA4320FC0}"
EndProject
Project("{FAE04EC0-301F-11D3-BF4B-00C04F79EFBC}") = "Practice2.Task6", "..\Practice2.Task6\Practice2.Task6.csproj", "{26FF35F3-948C-4161-8F62-4FC06D29C2C8}"
EndProject
Project("{FAE04EC0-301F-11D3-BF4B-00C04F79EFBC}") = "Practice1.Task1Bb", "..\Tusk1Bb\Practice1.Task1Bb.csproj", "{AE2149CE-7090-4137-8286-D584C1A59BC8}"
EndProject
Project("{FAE04EC0-301F-11D3-BF4B-00C04F79EFBC}") = "Practice1.Task2", "..\Practice1.Task2\Practice1.Task2.csproj", "{F1B3F045-2823-4818-A6F1-AE5A19FC6C15}"
EndProject
Project("{FAE04EC0-301F-11D3-BF4B-00C04F79EFBC}") = "Practice1.Task3", "..\Practice1.Task3\Practice1.Task3.csproj", "{A1F6F428-54F3-40D4-95E3-CDAA7EAB863A}"
EndProject
Project("{FAE04EC0-301F-11D3-BF4B-00C04F79EFBC}") = "Practice1.Task4", "..\Practice1.Task4\Practice1.Task4.csproj", "{2FA5644A-DF2C-44F5-B9EC-6B1C336E129C}"
EndProject
Project("{FAE04EC0-301F-11D3-BF4B-00C04F79EFBC}") = "Practice1.Task5", "..\Practice1.Task5\Practice1.Task5.csproj", "{01FD0B41-7140-4936-BBFD-ED4AB00C4F23}"
EndProject
Project("{FAE04EC0-301F-11D3-BF4B-00C04F79EFBC}") = "Practice1.Task6", "..\Practice1.Task6_a\Practice1.Task6.csproj", "{C47FC21B-5B77-498B-AA91-7C410C1D5E13}"
EndProject
Project("{FAE04EC0-301F-11D3-BF4B-00C04F79EFBC}") = "Task.CSharpBaseE", "..\Task.CSharpBaseE\Task.CSharpBaseE.csproj", "{6D84859F-EBBE-4366-99D8-3E0F2B97A4CD}"
EndProject
Global
	GlobalSection(SolutionConfigurationPlatforms) = preSolution
		Debug|Any CPU = Debug|Any CPU
		Release|Any CPU = Release|Any CPU
	EndGlobalSection
	GlobalSection(ProjectConfigurationPlatforms) = postSolution
		{633BAD23-8B6A-405F-97BF-13558C724C63}.Debug|Any CPU.ActiveCfg = Debug|Any CPU
		{633BAD23-8B6A-405F-97BF-13558C724C63}.Debug|Any CPU.Build.0 = Debug|Any CPU
		{633BAD23-8B6A-405F-97BF-13558C724C63}.Release|Any CPU.ActiveCfg = Release|Any CPU
		{633BAD23-8B6A-405F-97BF-13558C724C63}.Release|Any CPU.Build.0 = Release|Any CPU
		{11864DE7-7611-427A-8762-69D9A59252BE}.Debug|Any CPU.ActiveCfg = Debug|Any CPU
		{11864DE7-7611-427A-8762-69D9A59252BE}.Debug|Any CPU.Build.0 = Debug|Any CPU
		{11864DE7-7611-427A-8762-69D9A59252BE}.Release|Any CPU.ActiveCfg = Release|Any CPU
		{11864DE7-7611-427A-8762-69D9A59252BE}.Release|Any CPU.Build.0 = Release|Any CPU
		{AF1B0C41-C4F0-4B66-A159-D4F27AB18BD9}.Debug|Any CPU.ActiveCfg = Debug|Any CPU
		{AF1B0C41-C4F0-4B66-A159-D4F27AB18BD9}.Debug|Any CPU.Build.0 = Debug|Any CPU
		{AF1B0C41-C4F0-4B66-A159-D4F27AB18BD9}.Release|Any CPU.ActiveCfg = Release|Any CPU
		{AF1B0C41-C4F0-4B66-A159-D4F27AB18BD9}.Release|Any CPU.Build.0 = Release|Any CPU
		{44C95CC6-F020-40E6-83B7-9B11C233F20D}.Debug|Any CPU.ActiveCfg = Debug|Any CPU
		{44C95CC6-F020-40E6-83B7-9B11C233F20D}.Debug|Any CPU.Build.0 = Debug|Any CPU
		{44C95CC6-F020-40E6-83B7-9B11C233F20D}.Release|Any CPU.ActiveCfg = Release|Any CPU
		{44C95CC6-F020-40E6-83B7-9B11C233F20D}.Release|Any CPU.Build.0 = Release|Any CPU
		{B010AF2C-0B8A-4B06-95F6-BA31A46480C5}.Debug|Any CPU.ActiveCfg = Debug|Any CPU
		{B010AF2C-0B8A-4B06-95F6-BA31A46480C5}.Debug|Any CPU.Build.0 = Debug|Any CPU
		{B010AF2C-0B8A-4B06-95F6-BA31A46480C5}.Release|Any CPU.ActiveCfg = Release|Any CPU
		{B010AF2C-0B8A-4B06-95F6-BA31A46480C5}.Release|Any CPU.Build.0 = Release|Any CPU
		{C9B9E920-F4F1-44AF-A39B-42EEA4320FC0}.Debug|Any CPU.ActiveCfg = Debug|Any CPU
		{C9B9E920-F4F1-44AF-A39B-42EEA4320FC0}.Debug|Any CPU.Build.0 = Debug|Any CPU
		{C9B9E920-F4F1-44AF-A39B-42EEA4320FC0}.Release|Any CPU.ActiveCfg = Release|Any CPU
		{C9B9E920-F4F1-44AF-A39B-42EEA4320FC0}.Release|Any CPU.Build.0 = Release|Any CPU
		{26FF35F3-948C-4161-8F62-4FC06D29C2C8}.Debug|Any CPU.ActiveCfg = Debug|Any CPU
		{26FF35F3-948C-4161-8F62-4FC06D29C2C8}.Debug|Any CPU.Build.0 = Debug|Any CPU
		{26FF35F3-948C-4161-8F62-4FC06D29C2C8}.Release|Any CPU.ActiveCfg = Release|Any CPU
		{26FF35F3-948C-4161-8F62-4FC06D29C2C8}.Release|Any CPU.Build.0 = Release|Any CPU
		{AE2149CE-7090-4137-8286-D584C1A59BC8}.Debug|Any CPU.ActiveCfg = Debug|Any CPU
		{AE2149CE-7090-4137-8286-D584C1A59BC8}.Debug|Any CPU.Build.0 = Debug|Any CPU
		{AE2149CE-7090-4137-8286-D584C1A59BC8}.Release|Any CPU.ActiveCfg = Release|Any CPU
		{AE2149CE-7090-4137-8286-D584C1A59BC8}.Release|Any CPU.Build.0 = Release|Any CPU
		{F1B3F045-2823-4818-A6F1-AE5A19FC6C15}.Debug|Any CPU.ActiveCfg = Debug|Any CPU
		{F1B3F045-2823-4818-A6F1-AE5A19FC6C15}.Debug|Any CPU.Build.0 = Debug|Any CPU
		{F1B3F045-2823-4818-A6F1-AE5A19FC6C15}.Release|Any CPU.ActiveCfg = Release|Any CPU
		{F1B3F045-2823-4818-A6F1-AE5A19FC6C15}.Release|Any CPU.Build.0 = Release|Any CPU
		{A1F6F428-54F3-40D4-95E3-CDAA7EAB863A}.Debug|Any CPU.ActiveCfg = Debug|Any CPU
		{A1F6F428-54F3-40D4-95E3-CDAA7EAB863A}.Debug|Any CPU.Build.0 = Debug|Any CPU
		{A1F6F428-54F3-40D4-95E3-CDAA7EAB863A}.Release|Any CPU.ActiveCfg = Release|Any CPU
		{A1F6F428-54F3-40D4-95E3-CDAA7EAB863A}.Release|Any CPU.Build.0 = Release|Any CPU
		{2FA5644A-DF2C-44F5-B9EC-6B1C336E129C}.Debug|Any CPU.ActiveCfg = Debug|Any CPU
		{2FA5644A-DF2C-44F5-B9EC-6B1C336E129C}.Debug|Any CPU.Build.0 = Debug|Any CPU
		{2FA5644A-DF2C-44F5-B9EC-6B1C336E129C}.Release|Any CPU.ActiveCfg = Release|Any CPU
		{2FA5644A-DF2C-44F5-B9EC-6B1C336E129C}.Release|Any CPU.Build.0 = Release|Any CPU
		{01FD0B41-7140-4936-BBFD-ED4AB00C4F23}.Debug|Any CPU.ActiveCfg = Debug|Any CPU
		{01FD0B41-7140-4936-BBFD-ED4AB00C4F23}.Debug|Any CPU.Build.0 = Debug|Any CPU
		{01FD0B41-7140-4936-BBFD-ED4AB00C4F23}.Release|Any CPU.ActiveCfg = Release|Any CPU
		{01FD0B41-7140-4936-BBFD-ED4AB00C4F23}.Release|Any CPU.Build.0 = Release|Any CPU
		{C47FC21B-5B77-498B-AA91-7C410C1D5E13}.Debug|Any CPU.ActiveCfg = Debug|Any CPU
		{C47FC21B-5B77-498B-AA91-7C410C1D5E13}.Debug|Any CPU.Build.0 = Debug|Any CPU
		{C47FC21B-5B77-498B-AA91-7C410C1D5E13}.Release|Any CPU.ActiveCfg = Release|Any CPU
		{C47FC21B-5B77-498B-AA91-7C410C1D5E13}.Release|Any CPU.Build.0 = Release|Any CPU
		{6D84859F-EBBE-4366-99D8-3E0F2B97A4CD}.Debug|Any CPU.ActiveCfg = Debug|Any CPU
		{6D84859F-EBBE-4366-99D8-3E0F2B97A4CD}.Debug|Any CPU.Build.0 = Debug|Any CPU
		{6D84859F-EBBE-4366-99D8-3E0F2B97A4CD}.Release|Any CPU.ActiveCfg = Release|Any CPU
		{6D84859F-EBBE-4366-99D8-3E0F2B97A4CD}.Release|Any CPU.Build.0 = Release|Any CPU
	EndGlobalSection
	GlobalSection(SolutionProperties) = preSolution
		HideSolutionNode = FALSE
	EndGlobalSection
	GlobalSection(NestedProjects) = preSolution
		{633BAD23-8B6A-405F-97BF-13558C724C63} = {2DEFCB64-DDEE-4C72-AF9D-648070A4E519}
		{11864DE7-7611-427A-8762-69D9A59252BE} = {7D1E1B6D-2FBF-4C79-BC7C-ADD54A10FFB4}
		{AF1B0C41-C4F0-4B66-A159-D4F27AB18BD9} = {7D1E1B6D-2FBF-4C79-BC7C-ADD54A10FFB4}
		{44C95CC6-F020-40E6-83B7-9B11C233F20D} = {7D1E1B6D-2FBF-4C79-BC7C-ADD54A10FFB4}
		{B010AF2C-0B8A-4B06-95F6-BA31A46480C5} = {7D1E1B6D-2FBF-4C79-BC7C-ADD54A10FFB4}
		{C9B9E920-F4F1-44AF-A39B-42EEA4320FC0} = {7D1E1B6D-2FBF-4C79-BC7C-ADD54A10FFB4}
		{26FF35F3-948C-4161-8F62-4FC06D29C2C8} = {7D1E1B6D-2FBF-4C79-BC7C-ADD54A10FFB4}
		{AE2149CE-7090-4137-8286-D584C1A59BC8} = {2DEFCB64-DDEE-4C72-AF9D-648070A4E519}
		{F1B3F045-2823-4818-A6F1-AE5A19FC6C15} = {2DEFCB64-DDEE-4C72-AF9D-648070A4E519}
		{A1F6F428-54F3-40D4-95E3-CDAA7EAB863A} = {2DEFCB64-DDEE-4C72-AF9D-648070A4E519}
		{2FA5644A-DF2C-44F5-B9EC-6B1C336E129C} = {2DEFCB64-DDEE-4C72-AF9D-648070A4E519}
		{01FD0B41-7140-4936-BBFD-ED4AB00C4F23} = {2DEFCB64-DDEE-4C72-AF9D-648070A4E519}
		{C47FC21B-5B77-498B-AA91-7C410C1D5E13} = {2DEFCB64-DDEE-4C72-AF9D-648070A4E519}
		{6D84859F-EBBE-4366-99D8-3E0F2B97A4CD} = {2DEFCB64-DDEE-4C72-AF9D-648070A4E519}
	EndGlobalSection
	GlobalSection(ExtensibilityGlobals) = postSolution
		SolutionGuid = {EF2F8CBB-6DFF-41B1-B3CC-99C9C41D491E}
	EndGlobalSection
EndGlobal
