
Microsoft Visual Studio Solution File, Format Version 12.00
# Visual Studio Version 17
VisualStudioVersion = 17.6.33829.357
MinimumVisualStudioVersion = 10.0.40219.1
Project("{FAE04EC0-301F-11D3-BF4B-00C04F79EFBC}") = "Task1", "Task1.csproj", "{633BAD23-8B6A-405F-97BF-13558C724C63}"
EndProject
Project("{2150E333-8FDC-42A3-9474-1A3956D46DE8}") = "Practics 1", "Practics 1", "{2DEFCB64-DDEE-4C72-AF9D-648070A4E519}"
EndProject
Project("{2150E333-8FDC-42A3-9474-1A3956D46DE8}") = "Practics 2", "Practics 2", "{7D1E1B6D-2FBF-4C79-BC7C-ADD54A10FFB4}"
EndProject
Project("{FAE04EC0-301F-11D3-BF4B-00C04F79EFBC}") = "Practice2.Task1", "..\Practice2.Task1\Practice2.Task1.csproj", "{11864DE7-7611-427A-8762-69D9A59252BE}"
EndProject
Project("{FAE04EC0-301F-11D3-BF4B-00C04F79EFBC}") = "Practice2.Task2", "..\Practice2.Task2\Practice2.Task2.csproj", "{AF1B0C41-C4F0-4B66-A159-D4F27AB18BD9}"
EndProject
Project("{FAE04EC0-301F-11D3-BF4B-00C04F79EFBC}") = "Practice2.Task3", "..\Practice2.Task3\Practice2.Task3.csproj", "{44C95CC6-F020-40E6-83B7-9B11C233F20D}"
EndProject
Project("{FAE04EC0-301F-11D3-BF4B-00C04F79EFBC}") = "Practice2.Task4", "..\Practice2.Task4\Practice2.Task4.csproj", "{B010AF2C-0B8A-4B06-95F6-BA31A46480C5}"
EndProject
Project("{FAE04EC0-301F-11D3-BF4B-00C04F79EFBC}") = "Practice2.Task5", "..\Practice2.Task5\Practice2.Task5.csproj", "{C9B9E920-F4F1-44AF-A39B-42EEA4320FC0}"
EndProject
Project("{FAE04EC0-301F-11D3-BF4B-00C04F79EFBC}") = "Practice2.Task6", "..\Practice2.Task6\Practice2.Task6.csproj", "{26FF35F3-948C-4161-8F62-4FC06D29C2C8}"
EndProject
Global
	GlobalSection(SolutionConfigurationPlatforms) = preSolution
		Debug|Any CPU = Debug|Any CPU
		Release|Any CPU = Release|Any CPU
	EndGlobalSection
	GlobalSection(ProjectConfigurationPlatforms) = postSolution
		{633BAD23-8B6A-405F-97BF-13558C724C63}.Debug|Any CPU.ActiveCfg = Debug|Any CPU
		{633BAD23-8B6A-405F-97BF-13558C724C63}.Debug|Any CPU.Build.0 = Debug|Any CPU
		{633BAD23-8B6A-405F-97BF-13558C724C63}.Release|Any CPU.ActiveCfg = Release|Any CPU
		{633BAD23-8B6A-405F-97BF-13558C724C63}.Release|Any CPU.Build.0 = Release|Any CPU
		{11864DE7-7611-427A-8762-69D9A59252BE}.Debug|Any CPU.ActiveCfg = Debug|Any CPU
		{11864DE7-7611-427A-8762-69D9A59252BE}.Debug|Any CPU.Build.0 = Debug|Any CPU
		{11864DE7-7611-427A-8762-69D9A59252BE}.Release|Any CPU.ActiveCfg = Release|Any CPU
		{11864DE7-7611-427A-8762-69D9A59252BE}.Release|Any CPU.Build.0 = Release|Any CPU
		{AF1B0C41-C4F0-4B66-A159-D4F27AB18BD9}.Debug|Any CPU.ActiveCfg = Debug|Any CPU
		{AF1B0C41-C4F0-4B66-A159-D4F27AB18BD9}.Debug|Any CPU.Build.0 = Debug|Any CPU
		{AF1B0C41-C4F0-4B66-A159-D4F27AB18BD9}.Release|Any CPU.ActiveCfg = Release|Any CPU
		{AF1B0C41-C4F0-4B66-A159-D4F27AB18BD9}.Release|Any CPU.Build.0 = Release|Any CPU
		{44C95CC6-F020-40E6-83B7-9B11C233F20D}.Debug|Any CPU.ActiveCfg = Debug|Any CPU
		{44C95CC6-F020-40E6-83B7-9B11C233F20D}.Debug|Any CPU.Build.0 = Debug|Any CPU
		{44C95CC6-F020-40E6-83B7-9B11C233F20D}.Release|Any CPU.ActiveCfg = Release|Any CPU
		{44C95CC6-F020-40E6-83B7-9B11C233F20D}.Release|Any CPU.Build.0 = Release|Any CPU
		{B010AF2C-0B8A-4B06-95F6-BA31A46480C5}.Debug|Any CPU.ActiveCfg = Debug|Any CPU
		{B010AF2C-0B8A-4B06-95F6-BA31A46480C5}.Debug|Any CPU.Build.0 = Debug|Any CPU
		{B010AF2C-0B8A-4B06-95F6-BA31A46480C5}.Release|Any CPU.ActiveCfg = Release|Any CPU
		{B010AF2C-0B8A-4B06-95F6-BA31A46480C5}.Release|Any CPU.Build.0 = Release|Any CPU
		{C9B9E920-F4F1-44AF-A39B-42EEA4320FC0}.Debug|Any CPU.ActiveCfg = Debug|Any CPU
		{C9B9E920-F4F1-44AF-A39B-42EEA4320FC0}.Debug|Any CPU.Build.0 = Debug|Any CPU
		{C9B9E920-F4F1-44AF-A39B-42EEA4320FC0}.Release|Any CPU.ActiveCfg = Release|Any CPU
		{C9B9E920-F4F1-44AF-A39B-42EEA4320FC0}.Release|Any CPU.Build.0 = Release|Any CPU
		{26FF35F3-948C-4161-8F62-4FC06D29C2C8}.Debug|Any CPU.ActiveCfg = Debug|Any CPU
		{26FF35F3-948C-4161-8F62-4FC06D29C2C8}.Debug|Any CPU.Build.0 = Debug|Any CPU
		{26FF35F3-948C-4161-8F62-4FC06D29C2C8}.Release|Any CPU.ActiveCfg = Release|Any CPU
		{26FF35F3-948C-4161-8F62-4FC06D29C2C8}.Release|Any CPU.Build.0 = Release|Any CPU
	EndGlobalSection
	GlobalSection(SolutionProperties) = preSolution
		HideSolutionNode = FALSE
	EndGlobalSection
	GlobalSection(NestedProjects) = preSolution
		{633BAD23-8B6A-405F-97BF-13558C724C63} = {2DEFCB64-DDEE-4C72-AF9D-648070A4E519}
		{11864DE7-7611-427A-8762-69D9A59252BE} = {7D1E1B6D-2FBF-4C79-BC7C-ADD54A10FFB4}
		{AF1B0C41-C4F0-4B66-A159-D4F27AB18BD9} = {7D1E1B6D-2FBF-4C79-BC7C-ADD54A10FFB4}
		{44C95CC6-F020-40E6-83B7-9B11C233F20D} = {7D1E1B6D-2FBF-4C79-BC7C-ADD54A10FFB4}
		{B010AF2C-0B8A-4B06-95F6-BA31A46480C5} = {7D1E1B6D-2FBF-4C79-BC7C-ADD54A10FFB4}
		{C9B9E920-F4F1-44AF-A39B-42EEA4320FC0} = {7D1E1B6D-2FBF-4C79-BC7C-ADD54A10FFB4}
		{26FF35F3-948C-4161-8F62-4FC06D29C2C8} = {7D1E1B6D-2FBF-4C79-BC7C-ADD54A10FFB4}
	EndGlobalSection
	GlobalSection(ExtensibilityGlobals) = postSolution
		SolutionGuid = {EF2F8CBB-6DFF-41B1-B3CC-99C9C41D491E}
	EndGlobalSection
EndGlobal
