
Microsoft Visual Studio Solution File, Format Version 12.00
# Visual Studio Version 17
VisualStudioVersion = 17.6.33829.357
MinimumVisualStudioVersion = 10.0.40219.1
Project("{FAE04EC0-301F-11D3-BF4B-00C04F79EFBC}") = "Task5", "Task5.csproj", "{527C28D6-3070-48AD-8870-BAB754038EAE}"
EndProject
Global
	GlobalSection(SolutionConfigurationPlatforms) = preSolution
		Debug|Any CPU = Debug|Any CPU
		Release|Any CPU = Release|Any CPU
	EndGlobalSection
	GlobalSection(ProjectConfigurationPlatforms) = postSolution
		{527C28D6-3070-48AD-8870-BAB754038EAE}.Debug|Any CPU.ActiveCfg = Debug|Any CPU
		{527C28D6-3070-48AD-8870-BAB754038EAE}.Debug|Any CPU.Build.0 = Debug|Any CPU
		{527C28D6-3070-48AD-8870-BAB754038EAE}.Release|Any CPU.ActiveCfg = Release|Any CPU
		{527C28D6-3070-48AD-8870-BAB754038EAE}.Release|Any CPU.Build.0 = Release|Any CPU
	EndGlobalSection
	GlobalSection(SolutionProperties) = preSolution
		HideSolutionNode = FALSE
	EndGlobalSection
	GlobalSection(ExtensibilityGlobals) = postSolution
		SolutionGuid = {D9AE7634-A594-48B3-9F9D-CB5F0789FC7A}
	EndGlobalSection
EndGlobal
